
Microsoft Visual Studio Solution File, Format Version 12.00
# Visual Studio Version 17
VisualStudioVersion = 17.9.34728.123
MinimumVisualStudioVersion = 10.0.40219.1
Project("{9A19103F-16F7-4668-BE54-9A1E7A4F7556}") = "Models", "Models\Models.csproj", "{FA024A10-2C72-4200-A1D6-6088A558F020}"
EndProject
Project("{9A19103F-16F7-4668-BE54-9A1E7A4F7556}") = "Services", "Services\Services.csproj", "{21B68C3D-1870-4670-A50F-579C7B73BE42}"
EndProject
Project("{FAE04EC0-301F-11D3-BF4B-00C04F79EFBC}") = "AccountAPI", "AccountAPI\AccountAPI.csproj", "{B5EE1274-3C7E-4EC1-90E4-E53DC1D44946}"
EndProject
Global
	GlobalSection(SolutionConfigurationPlatforms) = preSolution
		Debug|Any CPU = Debug|Any CPU
		Release|Any CPU = Release|Any CPU
	EndGlobalSection
	GlobalSection(ProjectConfigurationPlatforms) = postSolution
		{FA024A10-2C72-4200-A1D6-6088A558F020}.Debug|Any CPU.ActiveCfg = Debug|Any CPU
		{FA024A10-2C72-4200-A1D6-6088A558F020}.Debug|Any CPU.Build.0 = Debug|Any CPU
		{FA024A10-2C72-4200-A1D6-6088A558F020}.Release|Any CPU.ActiveCfg = Release|Any CPU
		{FA024A10-2C72-4200-A1D6-6088A558F020}.Release|Any CPU.Build.0 = Release|Any CPU
		{21B68C3D-1870-4670-A50F-579C7B73BE42}.Debug|Any CPU.ActiveCfg = Debug|Any CPU
		{21B68C3D-1870-4670-A50F-579C7B73BE42}.Debug|Any CPU.Build.0 = Debug|Any CPU
		{21B68C3D-1870-4670-A50F-579C7B73BE42}.Release|Any CPU.ActiveCfg = Release|Any CPU
		{21B68C3D-1870-4670-A50F-579C7B73BE42}.Release|Any CPU.Build.0 = Release|Any CPU
		{B5EE1274-3C7E-4EC1-90E4-E53DC1D44946}.Debug|Any CPU.ActiveCfg = Debug|Any CPU
		{B5EE1274-3C7E-4EC1-90E4-E53DC1D44946}.Debug|Any CPU.Build.0 = Debug|Any CPU
		{B5EE1274-3C7E-4EC1-90E4-E53DC1D44946}.Release|Any CPU.ActiveCfg = Release|Any CPU
		{B5EE1274-3C7E-4EC1-90E4-E53DC1D44946}.Release|Any CPU.Build.0 = Release|Any CPU
	EndGlobalSection
	GlobalSection(SolutionProperties) = preSolution
		HideSolutionNode = FALSE
	EndGlobalSection
	GlobalSection(ExtensibilityGlobals) = postSolution
		SolutionGuid = {AA28AEAC-F51B-41B4-BFC7-8F5447681C57}
	EndGlobalSection
EndGlobal
