
Microsoft Visual Studio Solution File, Format Version 12.00
# Visual Studio Version 17
VisualStudioVersion = 17.9.34728.123
MinimumVisualStudioVersion = 10.0.40219.1
Project("{9A19103F-16F7-4668-BE54-9A1E7A4F7556}") = "Models", "Models\Models.csproj", "{FA024A10-2C72-4200-A1D6-6088A558F020}"
EndProject
Project("{9A19103F-16F7-4668-BE54-9A1E7A4F7556}") = "Services", "Services\Services.csproj", "{21B68C3D-1870-4670-A50F-579C7B73BE42}"
EndProject
Project("{9A19103F-16F7-4668-BE54-9A1E7A4F7556}") = "APICustomer", "APICustomer\APICustomer.csproj", "{FEEFBBA9-3552-443B-9AF0-87508C567B5A}"
	ProjectSection(ProjectDependencies) = postProject
		{FA024A10-2C72-4200-A1D6-6088A558F020} = {FA024A10-2C72-4200-A1D6-6088A558F020}
	EndProjectSection
EndProject
Project("{9A19103F-16F7-4668-BE54-9A1E7A4F7556}") = "CustomerTest", "CustomerTest\CustomerTest.csproj", "{D4657A31-5DC9-4B12-819B-8A46440BFB9F}"
	ProjectSection(ProjectDependencies) = postProject
		{FA024A10-2C72-4200-A1D6-6088A558F020} = {FA024A10-2C72-4200-A1D6-6088A558F020}
		{FEEFBBA9-3552-443B-9AF0-87508C567B5A} = {FEEFBBA9-3552-443B-9AF0-87508C567B5A}
	EndProjectSection
EndProject
Project("{9A19103F-16F7-4668-BE54-9A1E7A4F7556}") = "AccountAPI", "AccountAPI\AccountAPI.csproj", "{B5EE1274-3C7E-4EC1-90E4-E53DC1D44946}"
EndProject
Project("{9A19103F-16F7-4668-BE54-9A1E7A4F7556}") = "UPBank.AddressAPI", "UPBank.AddressAPI\UPBank.AddressAPI.csproj", "{0731A6B6-DF2C-48D6-B623-3EF39E6352C7}"
EndProject
Project("{9A19103F-16F7-4668-BE54-9A1E7A4F7556}") = "UP_bank.EmployeeAPI", "Up_bank.EmployeeAPI\UP_bank.EmployeeAPI.csproj", "{F7525EC5-F19D-4F5E-8F9C-6D62F79450AA}"
EndProject
Project("{FAE04EC0-301F-11D3-BF4B-00C04F79EFBC}") = "UPBank.AgencyAPI", "UPBank.AgencyAPI\UPBank.AgencyAPI.csproj", "{515C416F-0D83-4BD5-B1D7-FB699B4E79D8}"
EndProject
Global
	GlobalSection(SolutionConfigurationPlatforms) = preSolution
		Debug|Any CPU = Debug|Any CPU
		Release|Any CPU = Release|Any CPU
	EndGlobalSection
	GlobalSection(ProjectConfigurationPlatforms) = postSolution
		{FA024A10-2C72-4200-A1D6-6088A558F020}.Debug|Any CPU.ActiveCfg = Debug|Any CPU
		{FA024A10-2C72-4200-A1D6-6088A558F020}.Debug|Any CPU.Build.0 = Debug|Any CPU
		{FA024A10-2C72-4200-A1D6-6088A558F020}.Release|Any CPU.ActiveCfg = Release|Any CPU
		{FA024A10-2C72-4200-A1D6-6088A558F020}.Release|Any CPU.Build.0 = Release|Any CPU
		{21B68C3D-1870-4670-A50F-579C7B73BE42}.Debug|Any CPU.ActiveCfg = Debug|Any CPU
		{21B68C3D-1870-4670-A50F-579C7B73BE42}.Debug|Any CPU.Build.0 = Debug|Any CPU
		{21B68C3D-1870-4670-A50F-579C7B73BE42}.Release|Any CPU.ActiveCfg = Release|Any CPU
		{21B68C3D-1870-4670-A50F-579C7B73BE42}.Release|Any CPU.Build.0 = Release|Any CPU
		{FEEFBBA9-3552-443B-9AF0-87508C567B5A}.Debug|Any CPU.ActiveCfg = Debug|Any CPU
		{FEEFBBA9-3552-443B-9AF0-87508C567B5A}.Debug|Any CPU.Build.0 = Debug|Any CPU
		{FEEFBBA9-3552-443B-9AF0-87508C567B5A}.Release|Any CPU.ActiveCfg = Release|Any CPU
		{FEEFBBA9-3552-443B-9AF0-87508C567B5A}.Release|Any CPU.Build.0 = Release|Any CPU
		{D4657A31-5DC9-4B12-819B-8A46440BFB9F}.Debug|Any CPU.ActiveCfg = Debug|Any CPU
		{D4657A31-5DC9-4B12-819B-8A46440BFB9F}.Debug|Any CPU.Build.0 = Debug|Any CPU
		{D4657A31-5DC9-4B12-819B-8A46440BFB9F}.Release|Any CPU.ActiveCfg = Release|Any CPU
		{D4657A31-5DC9-4B12-819B-8A46440BFB9F}.Release|Any CPU.Build.0 = Release|Any CPU
		{B5EE1274-3C7E-4EC1-90E4-E53DC1D44946}.Debug|Any CPU.ActiveCfg = Debug|Any CPU
		{B5EE1274-3C7E-4EC1-90E4-E53DC1D44946}.Debug|Any CPU.Build.0 = Debug|Any CPU
		{B5EE1274-3C7E-4EC1-90E4-E53DC1D44946}.Release|Any CPU.ActiveCfg = Release|Any CPU
		{B5EE1274-3C7E-4EC1-90E4-E53DC1D44946}.Release|Any CPU.Build.0 = Release|Any CPU
		{0731A6B6-DF2C-48D6-B623-3EF39E6352C7}.Debug|Any CPU.ActiveCfg = Debug|Any CPU
		{0731A6B6-DF2C-48D6-B623-3EF39E6352C7}.Debug|Any CPU.Build.0 = Debug|Any CPU
		{0731A6B6-DF2C-48D6-B623-3EF39E6352C7}.Release|Any CPU.ActiveCfg = Release|Any CPU
		{0731A6B6-DF2C-48D6-B623-3EF39E6352C7}.Release|Any CPU.Build.0 = Release|Any CPU
		{F7525EC5-F19D-4F5E-8F9C-6D62F79450AA}.Debug|Any CPU.ActiveCfg = Debug|Any CPU
		{F7525EC5-F19D-4F5E-8F9C-6D62F79450AA}.Debug|Any CPU.Build.0 = Debug|Any CPU
		{F7525EC5-F19D-4F5E-8F9C-6D62F79450AA}.Release|Any CPU.ActiveCfg = Release|Any CPU
		{F7525EC5-F19D-4F5E-8F9C-6D62F79450AA}.Release|Any CPU.Build.0 = Release|Any CPU
		{515C416F-0D83-4BD5-B1D7-FB699B4E79D8}.Debug|Any CPU.ActiveCfg = Debug|Any CPU
		{515C416F-0D83-4BD5-B1D7-FB699B4E79D8}.Debug|Any CPU.Build.0 = Debug|Any CPU
		{515C416F-0D83-4BD5-B1D7-FB699B4E79D8}.Release|Any CPU.ActiveCfg = Release|Any CPU
		{515C416F-0D83-4BD5-B1D7-FB699B4E79D8}.Release|Any CPU.Build.0 = Release|Any CPU
	EndGlobalSection
	GlobalSection(SolutionProperties) = preSolution
		HideSolutionNode = FALSE
	EndGlobalSection
	GlobalSection(ExtensibilityGlobals) = postSolution
		SolutionGuid = {AA28AEAC-F51B-41B4-BFC7-8F5447681C57}
	EndGlobalSection
EndGlobal
